
Microsoft Visual Studio Solution File, Format Version 12.00
# Visual Studio 15
VisualStudioVersion = 15.0.27130.2010
MinimumVisualStudioVersion = 10.0.40219.1
Project("{8BC9CEB8-8B4A-11D0-8D11-00A0C91BC942}") = "ACM", "ACM\ACM.vcxproj", "{7F5787EE-9ACA-463B-8752-BF3100B57335}"
EndProject
Project("{8BC9CEB8-8B4A-11D0-8D11-00A0C91BC942}") = "逆序栈", "逆序栈\逆序栈.vcxproj", "{E26BE13D-FE97-4EC3-AA16-59EEB085A962}"
EndProject
Project("{8BC9CEB8-8B4A-11D0-8D11-00A0C91BC942}") = "猫狗队列", "猫狗队列\猫狗队列.vcxproj", "{7BE00089-2523-4064-9657-D93328571D44}"
EndProject
Project("{8BC9CEB8-8B4A-11D0-8D11-00A0C91BC942}") = "生成窗口最大值", "生成窗口最大值\生成窗口最大值.vcxproj", "{6197840F-1D28-4D7A-AD42-E7A501E69B65}"
EndProject
Project("{8BC9CEB8-8B4A-11D0-8D11-00A0C91BC942}") = "构造数组的MaxTree", "构造数组的MaxTree\构造数组的MaxTree.vcxproj", "{F7C09219-A7A9-417E-B323-AD8DD2056D63}"
EndProject
Project("{8BC9CEB8-8B4A-11D0-8D11-00A0C91BC942}") = "二分图搜索", "二分图搜索\二分图搜索.vcxproj", "{CB455C99-9AB4-45D1-8FCF-348F42972578}"
EndProject
Project("{8BC9CEB8-8B4A-11D0-8D11-00A0C91BC942}") = "图着色问题", "图着色问题\图着色问题.vcxproj", "{78E7C383-D771-4E3F-A897-8A7A842FC533}"
EndProject
Project("{8BC9CEB8-8B4A-11D0-8D11-00A0C91BC942}") = "最短路径Bellman-Ford", "最短路径Bellman-Ford\最短路径Bellman-Ford.vcxproj", "{FBD5AE80-E059-4F75-BB12-C9634D26F79B}"
EndProject
Global
	GlobalSection(SolutionConfigurationPlatforms) = preSolution
		Debug|x64 = Debug|x64
		Debug|x86 = Debug|x86
		Release|x64 = Release|x64
		Release|x86 = Release|x86
	EndGlobalSection
	GlobalSection(ProjectConfigurationPlatforms) = postSolution
		{7F5787EE-9ACA-463B-8752-BF3100B57335}.Debug|x64.ActiveCfg = Debug|x64
		{7F5787EE-9ACA-463B-8752-BF3100B57335}.Debug|x64.Build.0 = Debug|x64
		{7F5787EE-9ACA-463B-8752-BF3100B57335}.Debug|x86.ActiveCfg = Debug|Win32
		{7F5787EE-9ACA-463B-8752-BF3100B57335}.Debug|x86.Build.0 = Debug|Win32
		{7F5787EE-9ACA-463B-8752-BF3100B57335}.Release|x64.ActiveCfg = Release|x64
		{7F5787EE-9ACA-463B-8752-BF3100B57335}.Release|x64.Build.0 = Release|x64
		{7F5787EE-9ACA-463B-8752-BF3100B57335}.Release|x86.ActiveCfg = Release|Win32
		{7F5787EE-9ACA-463B-8752-BF3100B57335}.Release|x86.Build.0 = Release|Win32
		{E26BE13D-FE97-4EC3-AA16-59EEB085A962}.Debug|x64.ActiveCfg = Debug|x64
		{E26BE13D-FE97-4EC3-AA16-59EEB085A962}.Debug|x64.Build.0 = Debug|x64
		{E26BE13D-FE97-4EC3-AA16-59EEB085A962}.Debug|x86.ActiveCfg = Debug|Win32
		{E26BE13D-FE97-4EC3-AA16-59EEB085A962}.Debug|x86.Build.0 = Debug|Win32
		{E26BE13D-FE97-4EC3-AA16-59EEB085A962}.Release|x64.ActiveCfg = Release|x64
		{E26BE13D-FE97-4EC3-AA16-59EEB085A962}.Release|x64.Build.0 = Release|x64
		{E26BE13D-FE97-4EC3-AA16-59EEB085A962}.Release|x86.ActiveCfg = Release|Win32
		{E26BE13D-FE97-4EC3-AA16-59EEB085A962}.Release|x86.Build.0 = Release|Win32
		{7BE00089-2523-4064-9657-D93328571D44}.Debug|x64.ActiveCfg = Debug|x64
		{7BE00089-2523-4064-9657-D93328571D44}.Debug|x64.Build.0 = Debug|x64
		{7BE00089-2523-4064-9657-D93328571D44}.Debug|x86.ActiveCfg = Debug|Win32
		{7BE00089-2523-4064-9657-D93328571D44}.Debug|x86.Build.0 = Debug|Win32
		{7BE00089-2523-4064-9657-D93328571D44}.Release|x64.ActiveCfg = Release|x64
		{7BE00089-2523-4064-9657-D93328571D44}.Release|x64.Build.0 = Release|x64
		{7BE00089-2523-4064-9657-D93328571D44}.Release|x86.ActiveCfg = Release|Win32
		{7BE00089-2523-4064-9657-D93328571D44}.Release|x86.Build.0 = Release|Win32
		{6197840F-1D28-4D7A-AD42-E7A501E69B65}.Debug|x64.ActiveCfg = Debug|x64
		{6197840F-1D28-4D7A-AD42-E7A501E69B65}.Debug|x64.Build.0 = Debug|x64
		{6197840F-1D28-4D7A-AD42-E7A501E69B65}.Debug|x86.ActiveCfg = Debug|Win32
		{6197840F-1D28-4D7A-AD42-E7A501E69B65}.Debug|x86.Build.0 = Debug|Win32
		{6197840F-1D28-4D7A-AD42-E7A501E69B65}.Release|x64.ActiveCfg = Release|x64
		{6197840F-1D28-4D7A-AD42-E7A501E69B65}.Release|x64.Build.0 = Release|x64
		{6197840F-1D28-4D7A-AD42-E7A501E69B65}.Release|x86.ActiveCfg = Release|Win32
		{6197840F-1D28-4D7A-AD42-E7A501E69B65}.Release|x86.Build.0 = Release|Win32
		{F7C09219-A7A9-417E-B323-AD8DD2056D63}.Debug|x64.ActiveCfg = Debug|x64
		{F7C09219-A7A9-417E-B323-AD8DD2056D63}.Debug|x64.Build.0 = Debug|x64
		{F7C09219-A7A9-417E-B323-AD8DD2056D63}.Debug|x86.ActiveCfg = Debug|Win32
		{F7C09219-A7A9-417E-B323-AD8DD2056D63}.Debug|x86.Build.0 = Debug|Win32
		{F7C09219-A7A9-417E-B323-AD8DD2056D63}.Release|x64.ActiveCfg = Release|x64
		{F7C09219-A7A9-417E-B323-AD8DD2056D63}.Release|x64.Build.0 = Release|x64
		{F7C09219-A7A9-417E-B323-AD8DD2056D63}.Release|x86.ActiveCfg = Release|Win32
		{F7C09219-A7A9-417E-B323-AD8DD2056D63}.Release|x86.Build.0 = Release|Win32
		{CB455C99-9AB4-45D1-8FCF-348F42972578}.Debug|x64.ActiveCfg = Debug|x64
		{CB455C99-9AB4-45D1-8FCF-348F42972578}.Debug|x64.Build.0 = Debug|x64
		{CB455C99-9AB4-45D1-8FCF-348F42972578}.Debug|x86.ActiveCfg = Debug|Win32
		{CB455C99-9AB4-45D1-8FCF-348F42972578}.Debug|x86.Build.0 = Debug|Win32
		{CB455C99-9AB4-45D1-8FCF-348F42972578}.Release|x64.ActiveCfg = Release|x64
		{CB455C99-9AB4-45D1-8FCF-348F42972578}.Release|x64.Build.0 = Release|x64
		{CB455C99-9AB4-45D1-8FCF-348F42972578}.Release|x86.ActiveCfg = Release|Win32
		{CB455C99-9AB4-45D1-8FCF-348F42972578}.Release|x86.Build.0 = Release|Win32
		{78E7C383-D771-4E3F-A897-8A7A842FC533}.Debug|x64.ActiveCfg = Debug|x64
		{78E7C383-D771-4E3F-A897-8A7A842FC533}.Debug|x64.Build.0 = Debug|x64
		{78E7C383-D771-4E3F-A897-8A7A842FC533}.Debug|x86.ActiveCfg = Debug|Win32
		{78E7C383-D771-4E3F-A897-8A7A842FC533}.Debug|x86.Build.0 = Debug|Win32
		{78E7C383-D771-4E3F-A897-8A7A842FC533}.Release|x64.ActiveCfg = Release|x64
		{78E7C383-D771-4E3F-A897-8A7A842FC533}.Release|x64.Build.0 = Release|x64
		{78E7C383-D771-4E3F-A897-8A7A842FC533}.Release|x86.ActiveCfg = Release|Win32
		{78E7C383-D771-4E3F-A897-8A7A842FC533}.Release|x86.Build.0 = Release|Win32
		{FBD5AE80-E059-4F75-BB12-C9634D26F79B}.Debug|x64.ActiveCfg = Debug|x64
		{FBD5AE80-E059-4F75-BB12-C9634D26F79B}.Debug|x64.Build.0 = Debug|x64
		{FBD5AE80-E059-4F75-BB12-C9634D26F79B}.Debug|x86.ActiveCfg = Debug|Win32
		{FBD5AE80-E059-4F75-BB12-C9634D26F79B}.Debug|x86.Build.0 = Debug|Win32
		{FBD5AE80-E059-4F75-BB12-C9634D26F79B}.Release|x64.ActiveCfg = Release|x64
		{FBD5AE80-E059-4F75-BB12-C9634D26F79B}.Release|x64.Build.0 = Release|x64
		{FBD5AE80-E059-4F75-BB12-C9634D26F79B}.Release|x86.ActiveCfg = Release|Win32
		{FBD5AE80-E059-4F75-BB12-C9634D26F79B}.Release|x86.Build.0 = Release|Win32
	EndGlobalSection
	GlobalSection(SolutionProperties) = preSolution
		HideSolutionNode = FALSE
	EndGlobalSection
	GlobalSection(ExtensibilityGlobals) = postSolution
		SolutionGuid = {3EA14AF8-121D-4422-A630-4558554CDF0D}
	EndGlobalSection
EndGlobal
